// !$*UTF8*$!
{
	archiveVersion = 1;
	classes = {
	};
	objectVersion = 48;
	objects = {

/* Begin PBXBuildFile section */
		14DE53371F814D3800076E46 /* AppDelegate.swift in Sources */ = {isa = PBXBuildFile; fileRef = 14DE53361F814D3800076E46 /* AppDelegate.swift */; };
		14DE534F1F814D5000076E46 /* ButtonTapperMagic.swift in Sources */ = {isa = PBXBuildFile; fileRef = 14DE534E1F814D5000076E46 /* ButtonTapperMagic.swift */; };
/* End PBXBuildFile section */

/* Begin PBXContainerItemProxy section */
		14DE53541F814D7300076E46 /* PBXContainerItemProxy */ = {
			isa = PBXContainerItemProxy;
			containerPortal = 14DE532B1F814D3800076E46 /* Project object */;
			proxyType = 1;
			remoteGlobalIDString = 14DE53321F814D3800076E46;
			remoteInfo = ButtonTapper;
		};
		14DE535F1F81544800076E46 /* PBXContainerItemProxy */ = {
			isa = PBXContainerItemProxy;
			containerPortal = 14DE532B1F814D3800076E46 /* Project object */;
			proxyType = 1;
			remoteGlobalIDString = 14DE53321F814D3800076E46;
			remoteInfo = ButtonTapper;
		};
/* End PBXContainerItemProxy section */

/* Begin PBXFileReference section */
		14DE53331F814D3800076E46 /* ButtonTapper.app */ = {isa = PBXFileReference; explicitFileType = wrapper.application; includeInIndex = 0; path = ButtonTapper.app; sourceTree = BUILT_PRODUCTS_DIR; };
		14DE53361F814D3800076E46 /* AppDelegate.swift */ = {isa = PBXFileReference; lastKnownFileType = sourcecode.swift; path = AppDelegate.swift; sourceTree = "<group>"; };
		14DE53421F814D3800076E46 /* Info.plist */ = {isa = PBXFileReference; lastKnownFileType = text.plist.xml; path = Info.plist; sourceTree = "<group>"; };
		14DE534C1F814D5000076E46 /* ButtonTapperMagic.xctest */ = {isa = PBXFileReference; explicitFileType = wrapper.cfbundle; includeInIndex = 0; path = ButtonTapperMagic.xctest; sourceTree = BUILT_PRODUCTS_DIR; };
		14DE534E1F814D5000076E46 /* ButtonTapperMagic.swift */ = {isa = PBXFileReference; lastKnownFileType = sourcecode.swift; path = ButtonTapperMagic.swift; sourceTree = "<group>"; };
		14DE53501F814D5000076E46 /* Info.plist */ = {isa = PBXFileReference; lastKnownFileType = text.plist.xml; path = Info.plist; sourceTree = "<group>"; };
		14DE535A1F81544700076E46 /* ButtonTapperEggInc.xctest */ = {isa = PBXFileReference; explicitFileType = wrapper.cfbundle; includeInIndex = 0; path = ButtonTapperEggInc.xctest; sourceTree = BUILT_PRODUCTS_DIR; };
/* End PBXFileReference section */

/* Begin PBXFrameworksBuildPhase section */
		14DE53301F814D3800076E46 /* Frameworks */ = {
			isa = PBXFrameworksBuildPhase;
			buildActionMask = 2147483647;
			files = (
			);
			runOnlyForDeploymentPostprocessing = 0;
		};
		14DE53491F814D5000076E46 /* Frameworks */ = {
			isa = PBXFrameworksBuildPhase;
			buildActionMask = 2147483647;
			files = (
			);
			runOnlyForDeploymentPostprocessing = 0;
		};
		14DE53571F81544700076E46 /* Frameworks */ = {
			isa = PBXFrameworksBuildPhase;
			buildActionMask = 2147483647;
			files = (
			);
			runOnlyForDeploymentPostprocessing = 0;
		};
/* End PBXFrameworksBuildPhase section */

/* Begin PBXGroup section */
		14DE532A1F814D3800076E46 = {
			isa = PBXGroup;
			children = (
				14DE53351F814D3800076E46 /* ButtonTapper */,
				14DE534D1F814D5000076E46 /* ButtonTapperMagic */,
				14DE53341F814D3800076E46 /* Products */,
			);
			sourceTree = "<group>";
		};
		14DE53341F814D3800076E46 /* Products */ = {
			isa = PBXGroup;
			children = (
				14DE53331F814D3800076E46 /* ButtonTapper.app */,
				14DE534C1F814D5000076E46 /* ButtonTapperMagic.xctest */,
				14DE535A1F81544700076E46 /* ButtonTapperEggInc.xctest */,
			);
			name = Products;
			sourceTree = "<group>";
		};
		14DE53351F814D3800076E46 /* ButtonTapper */ = {
			isa = PBXGroup;
			children = (
				14DE53361F814D3800076E46 /* AppDelegate.swift */,
				14DE53421F814D3800076E46 /* Info.plist */,
			);
			path = ButtonTapper;
			sourceTree = "<group>";
		};
		14DE534D1F814D5000076E46 /* ButtonTapperMagic */ = {
			isa = PBXGroup;
			children = (
				14DE534E1F814D5000076E46 /* ButtonTapperMagic.swift */,
				14DE53501F814D5000076E46 /* Info.plist */,
			);
			path = ButtonTapperMagic;
			sourceTree = "<group>";
		};
/* End PBXGroup section */

/* Begin PBXNativeTarget section */
		14DE53321F814D3800076E46 /* ButtonTapper */ = {
			isa = PBXNativeTarget;
			buildConfigurationList = 14DE53451F814D3800076E46 /* Build configuration list for PBXNativeTarget "ButtonTapper" */;
			buildPhases = (
				14DE532F1F814D3800076E46 /* Sources */,
				14DE53301F814D3800076E46 /* Frameworks */,
				14DE53311F814D3800076E46 /* Resources */,
			);
			buildRules = (
			);
			dependencies = (
			);
			name = ButtonTapper;
			productName = ButtonTapper;
			productReference = 14DE53331F814D3800076E46 /* ButtonTapper.app */;
			productType = "com.apple.product-type.application";
		};
		14DE534B1F814D5000076E46 /* ButtonTapperMagic */ = {
			isa = PBXNativeTarget;
			buildConfigurationList = 14DE53511F814D5000076E46 /* Build configuration list for PBXNativeTarget "ButtonTapperMagic" */;
			buildPhases = (
				14DE53481F814D5000076E46 /* Sources */,
				14DE53491F814D5000076E46 /* Frameworks */,
				14DE534A1F814D5000076E46 /* Resources */,
			);
			buildRules = (
			);
			dependencies = (
				14DE53551F814D7300076E46 /* PBXTargetDependency */,
			);
			name = ButtonTapperMagic;
			productName = ButtonTapperMagic;
			productReference = 14DE534C1F814D5000076E46 /* ButtonTapperMagic.xctest */;
			productType = "com.apple.product-type.bundle.ui-testing";
		};
		14DE53591F81544700076E46 /* ButtonTapperEggInc */ = {
			isa = PBXNativeTarget;
			buildConfigurationList = 14DE53611F81544800076E46 /* Build configuration list for PBXNativeTarget "ButtonTapperEggInc" */;
			buildPhases = (
				14DE53561F81544700076E46 /* Sources */,
				14DE53571F81544700076E46 /* Frameworks */,
				14DE53581F81544700076E46 /* Resources */,
			);
			buildRules = (
			);
			dependencies = (
				14DE53601F81544800076E46 /* PBXTargetDependency */,
			);
			name = ButtonTapperEggInc;
			productName = ButtonTapperEggInc;
			productReference = 14DE535A1F81544700076E46 /* ButtonTapperEggInc.xctest */;
			productType = "com.apple.product-type.bundle.ui-testing";
		};
/* End PBXNativeTarget section */

/* Begin PBXProject section */
		14DE532B1F814D3800076E46 /* Project object */ = {
			isa = PBXProject;
			attributes = {
				LastSwiftUpdateCheck = 0900;
				LastUpgradeCheck = 0900;
				ORGANIZATIONNAME = "Andrew Finke";
				TargetAttributes = {
					14DE53321F814D3800076E46 = {
						CreatedOnToolsVersion = 9.0;
						ProvisioningStyle = Automatic;
					};
					14DE534B1F814D5000076E46 = {
						CreatedOnToolsVersion = 9.0;
						ProvisioningStyle = Automatic;
						TestTargetID = 14DE53321F814D3800076E46;
					};
					14DE53591F81544700076E46 = {
						CreatedOnToolsVersion = 9.0;
						ProvisioningStyle = Automatic;
						TestTargetID = 14DE53321F814D3800076E46;
					};
				};
			};
			buildConfigurationList = 14DE532E1F814D3800076E46 /* Build configuration list for PBXProject "ButtonTapper" */;
			compatibilityVersion = "Xcode 8.0";
			developmentRegion = en;
			hasScannedForEncodings = 0;
			knownRegions = (
				en,
				Base,
			);
			mainGroup = 14DE532A1F814D3800076E46;
			productRefGroup = 14DE53341F814D3800076E46 /* Products */;
			projectDirPath = "";
			projectRoot = "";
			targets = (
				14DE53321F814D3800076E46 /* ButtonTapper */,
				14DE534B1F814D5000076E46 /* ButtonTapperMagic */,
				14DE53591F81544700076E46 /* ButtonTapperEggInc */,
			);
		};
/* End PBXProject section */

/* Begin PBXResourcesBuildPhase section */
		14DE53311F814D3800076E46 /* Resources */ = {
			isa = PBXResourcesBuildPhase;
			buildActionMask = 2147483647;
			files = (
			);
			runOnlyForDeploymentPostprocessing = 0;
		};
		14DE534A1F814D5000076E46 /* Resources */ = {
			isa = PBXResourcesBuildPhase;
			buildActionMask = 2147483647;
			files = (
			);
			runOnlyForDeploymentPostprocessing = 0;
		};
		14DE53581F81544700076E46 /* Resources */ = {
			isa = PBXResourcesBuildPhase;
			buildActionMask = 2147483647;
			files = (
			);
			runOnlyForDeploymentPostprocessing = 0;
		};
/* End PBXResourcesBuildPhase section */

/* Begin PBXSourcesBuildPhase section */
		14DE532F1F814D3800076E46 /* Sources */ = {
			isa = PBXSourcesBuildPhase;
			buildActionMask = 2147483647;
			files = (
				14DE53371F814D3800076E46 /* AppDelegate.swift in Sources */,
			);
			runOnlyForDeploymentPostprocessing = 0;
		};
		14DE53481F814D5000076E46 /* Sources */ = {
			isa = PBXSourcesBuildPhase;
			buildActionMask = 2147483647;
			files = (
				14DE534F1F814D5000076E46 /* ButtonTapperMagic.swift in Sources */,
			);
			runOnlyForDeploymentPostprocessing = 0;
		};
		14DE53561F81544700076E46 /* Sources */ = {
			isa = PBXSourcesBuildPhase;
			buildActionMask = 2147483647;
			files = (
			);
			runOnlyForDeploymentPostprocessing = 0;
		};
/* End PBXSourcesBuildPhase section */

/* Begin PBXTargetDependency section */
		14DE53551F814D7300076E46 /* PBXTargetDependency */ = {
			isa = PBXTargetDependency;
			target = 14DE53321F814D3800076E46 /* ButtonTapper */;
			targetProxy = 14DE53541F814D7300076E46 /* PBXContainerItemProxy */;
		};
		14DE53601F81544800076E46 /* PBXTargetDependency */ = {
			isa = PBXTargetDependency;
			target = 14DE53321F814D3800076E46 /* ButtonTapper */;
			targetProxy = 14DE535F1F81544800076E46 /* PBXContainerItemProxy */;
		};
/* End PBXTargetDependency section */

/* Begin XCBuildConfiguration section */
		14DE53431F814D3800076E46 /* Debug */ = {
			isa = XCBuildConfiguration;
			buildSettings = {
				ALWAYS_SEARCH_USER_PATHS = NO;
				CLANG_ANALYZER_NONNULL = YES;
				CLANG_ANALYZER_NUMBER_OBJECT_CONVERSION = YES_AGGRESSIVE;
				CLANG_CXX_LANGUAGE_STANDARD = "gnu++14";
				CLANG_CXX_LIBRARY = "libc++";
				CLANG_ENABLE_MODULES = YES;
				CLANG_ENABLE_OBJC_ARC = YES;
				CLANG_WARN_BLOCK_CAPTURE_AUTORELEASING = YES;
				CLANG_WARN_BOOL_CONVERSION = YES;
				CLANG_WARN_COMMA = YES;
				CLANG_WARN_CONSTANT_CONVERSION = YES;
				CLANG_WARN_DIRECT_OBJC_ISA_USAGE = YES_ERROR;
				CLANG_WARN_DOCUMENTATION_COMMENTS = YES;
				CLANG_WARN_EMPTY_BODY = YES;
				CLANG_WARN_ENUM_CONVERSION = YES;
				CLANG_WARN_INFINITE_RECURSION = YES;
				CLANG_WARN_INT_CONVERSION = YES;
				CLANG_WARN_NON_LITERAL_NULL_CONVERSION = YES;
				CLANG_WARN_OBJC_LITERAL_CONVERSION = YES;
				CLANG_WARN_OBJC_ROOT_CLASS = YES_ERROR;
				CLANG_WARN_RANGE_LOOP_ANALYSIS = YES;
				CLANG_WARN_STRICT_PROTOTYPES = YES;
				CLANG_WARN_SUSPICIOUS_MOVE = YES;
				CLANG_WARN_UNGUARDED_AVAILABILITY = YES_AGGRESSIVE;
				CLANG_WARN_UNREACHABLE_CODE = YES;
				CLANG_WARN__DUPLICATE_METHOD_MATCH = YES;
				CODE_SIGN_IDENTITY = "iPhone Developer";
				COPY_PHASE_STRIP = NO;
				DEBUG_INFORMATION_FORMAT = dwarf;
				ENABLE_STRICT_OBJC_MSGSEND = YES;
				ENABLE_TESTABILITY = YES;
				GCC_C_LANGUAGE_STANDARD = gnu11;
				GCC_DYNAMIC_NO_PIC = NO;
				GCC_NO_COMMON_BLOCKS = YES;
				GCC_OPTIMIZATION_LEVEL = 0;
				GCC_PREPROCESSOR_DEFINITIONS = (
					"DEBUG=1",
					"$(inherited)",
				);
				GCC_WARN_64_TO_32_BIT_CONVERSION = YES;
				GCC_WARN_ABOUT_RETURN_TYPE = YES_ERROR;
				GCC_WARN_UNDECLARED_SELECTOR = YES;
				GCC_WARN_UNINITIALIZED_AUTOS = YES_AGGRESSIVE;
				GCC_WARN_UNUSED_FUNCTION = YES;
				GCC_WARN_UNUSED_VARIABLE = YES;
				IPHONEOS_DEPLOYMENT_TARGET = 11.0;
				MTL_ENABLE_DEBUG_INFO = YES;
				ONLY_ACTIVE_ARCH = YES;
				SDKROOT = iphoneos;
				SWIFT_ACTIVE_COMPILATION_CONDITIONS = DEBUG;
				SWIFT_OPTIMIZATION_LEVEL = "-Onone";
			};
			name = Debug;
		};
		14DE53441F814D3800076E46 /* Release */ = {
			isa = XCBuildConfiguration;
			buildSettings = {
				ALWAYS_SEARCH_USER_PATHS = NO;
				CLANG_ANALYZER_NONNULL = YES;
				CLANG_ANALYZER_NUMBER_OBJECT_CONVERSION = YES_AGGRESSIVE;
				CLANG_CXX_LANGUAGE_STANDARD = "gnu++14";
				CLANG_CXX_LIBRARY = "libc++";
				CLANG_ENABLE_MODULES = YES;
				CLANG_ENABLE_OBJC_ARC = YES;
				CLANG_WARN_BLOCK_CAPTURE_AUTORELEASING = YES;
				CLANG_WARN_BOOL_CONVERSION = YES;
				CLANG_WARN_COMMA = YES;
				CLANG_WARN_CONSTANT_CONVERSION = YES;
				CLANG_WARN_DIRECT_OBJC_ISA_USAGE = YES_ERROR;
				CLANG_WARN_DOCUMENTATION_COMMENTS = YES;
				CLANG_WARN_EMPTY_BODY = YES;
				CLANG_WARN_ENUM_CONVERSION = YES;
				CLANG_WARN_INFINITE_RECURSION = YES;
				CLANG_WARN_INT_CONVERSION = YES;
				CLANG_WARN_NON_LITERAL_NULL_CONVERSION = YES;
				CLANG_WARN_OBJC_LITERAL_CONVERSION = YES;
				CLANG_WARN_OBJC_ROOT_CLASS = YES_ERROR;
				CLANG_WARN_RANGE_LOOP_ANALYSIS = YES;
				CLANG_WARN_STRICT_PROTOTYPES = YES;
				CLANG_WARN_SUSPICIOUS_MOVE = YES;
				CLANG_WARN_UNGUARDED_AVAILABILITY = YES_AGGRESSIVE;
				CLANG_WARN_UNREACHABLE_CODE = YES;
				CLANG_WARN__DUPLICATE_METHOD_MATCH = YES;
				CODE_SIGN_IDENTITY = "iPhone Developer";
				COPY_PHASE_STRIP = NO;
				DEBUG_INFORMATION_FORMAT = "dwarf-with-dsym";
				ENABLE_NS_ASSERTIONS = NO;
				ENABLE_STRICT_OBJC_MSGSEND = YES;
				GCC_C_LANGUAGE_STANDARD = gnu11;
				GCC_NO_COMMON_BLOCKS = YES;
				GCC_WARN_64_TO_32_BIT_CONVERSION = YES;
				GCC_WARN_ABOUT_RETURN_TYPE = YES_ERROR;
				GCC_WARN_UNDECLARED_SELECTOR = YES;
				GCC_WARN_UNINITIALIZED_AUTOS = YES_AGGRESSIVE;
				GCC_WARN_UNUSED_FUNCTION = YES;
				GCC_WARN_UNUSED_VARIABLE = YES;
				IPHONEOS_DEPLOYMENT_TARGET = 11.0;
				MTL_ENABLE_DEBUG_INFO = NO;
				SDKROOT = iphoneos;
				SWIFT_OPTIMIZATION_LEVEL = "-Owholemodule";
				VALIDATE_PRODUCT = YES;
			};
			name = Release;
		};
		14DE53461F814D3800076E46 /* Debug */ = {
			isa = XCBuildConfiguration;
			buildSettings = {
				ASSETCATALOG_COMPILER_APPICON_NAME = AppIcon;
				CODE_SIGN_STYLE = Automatic;
				DEVELOPMENT_TEAM = 72S993BNAV;
				INFOPLIST_FILE = ButtonTapper/Info.plist;
				LD_RUNPATH_SEARCH_PATHS = "$(inherited) @executable_path/Frameworks";
				PRODUCT_BUNDLE_IDENTIFIER = com.andrewfinke.ButtonTapper;
				PRODUCT_NAME = "$(TARGET_NAME)";
				SWIFT_VERSION = 4.0;
				TARGETED_DEVICE_FAMILY = "1,2";
			};
			name = Debug;
		};
		14DE53471F814D3800076E46 /* Release */ = {
			isa = XCBuildConfiguration;
			buildSettings = {
				ASSETCATALOG_COMPILER_APPICON_NAME = AppIcon;
				CODE_SIGN_STYLE = Automatic;
				DEVELOPMENT_TEAM = 72S993BNAV;
				INFOPLIST_FILE = ButtonTapper/Info.plist;
				LD_RUNPATH_SEARCH_PATHS = "$(inherited) @executable_path/Frameworks";
				PRODUCT_BUNDLE_IDENTIFIER = com.andrewfinke.ButtonTapper;
				PRODUCT_NAME = "$(TARGET_NAME)";
				SWIFT_VERSION = 4.0;
				TARGETED_DEVICE_FAMILY = "1,2";
			};
			name = Release;
		};
		14DE53521F814D5000076E46 /* Debug */ = {
			isa = XCBuildConfiguration;
			buildSettings = {
				CODE_SIGN_STYLE = Automatic;
				DEVELOPMENT_TEAM = 72S993BNAV;
				INFOPLIST_FILE = ButtonTapperMagic/Info.plist;
				LD_RUNPATH_SEARCH_PATHS = "$(inherited) @executable_path/Frameworks @loader_path/Frameworks";
				PRODUCT_BUNDLE_IDENTIFIER = com.andrewfinke.ButtonTapperMagic;
				PRODUCT_NAME = "$(TARGET_NAME)";
				SWIFT_VERSION = 4.0;
				TARGETED_DEVICE_FAMILY = "1,2";
				TEST_TARGET_NAME = ButtonTapper;
			};
			name = Debug;
		};
		14DE53531F814D5000076E46 /* Release */ = {
			isa = XCBuildConfiguration;
			buildSettings = {
				CODE_SIGN_STYLE = Automatic;
				DEVELOPMENT_TEAM = 72S993BNAV;
				INFOPLIST_FILE = ButtonTapperMagic/Info.plist;
				LD_RUNPATH_SEARCH_PATHS = "$(inherited) @executable_path/Frameworks @loader_path/Frameworks";
				PRODUCT_BUNDLE_IDENTIFIER = com.andrewfinke.ButtonTapperMagic;
				PRODUCT_NAME = "$(TARGET_NAME)";
				SWIFT_VERSION = 4.0;
				TARGETED_DEVICE_FAMILY = "1,2";
				TEST_TARGET_NAME = ButtonTapper;
			};
			name = Release;
		};
		14DE53621F81544800076E46 /* Debug */ = {
			isa = XCBuildConfiguration;
			buildSettings = {
				ALWAYS_EMBED_SWIFT_STANDARD_LIBRARIES = YES;
				CODE_SIGN_STYLE = Automatic;
				DEVELOPMENT_TEAM = 72S993BNAV;
				INFOPLIST_FILE = ButtonTapperEggInc/Info.plist;
				LD_RUNPATH_SEARCH_PATHS = "$(inherited) @executable_path/Frameworks @loader_path/Frameworks";
				PRODUCT_BUNDLE_IDENTIFIER = com.andrewfinke.ButtonTapperEggInc;
				PRODUCT_NAME = "$(TARGET_NAME)";
				TARGETED_DEVICE_FAMILY = "1,2";
				TEST_TARGET_NAME = ButtonTapper;
			};
			name = Debug;
		};
		14DE53631F81544800076E46 /* Release */ = {
			isa = XCBuildConfiguration;
			buildSettings = {
				ALWAYS_EMBED_SWIFT_STANDARD_LIBRARIES = YES;
				CODE_SIGN_STYLE = Automatic;
				DEVELOPMENT_TEAM = 72S993BNAV;
				INFOPLIST_FILE = ButtonTapperEggInc/Info.plist;
				LD_RUNPATH_SEARCH_PATHS = "$(inherited) @executable_path/Frameworks @loader_path/Frameworks";
				PRODUCT_BUNDLE_IDENTIFIER = com.andrewfinke.ButtonTapperEggInc;
				PRODUCT_NAME = "$(TARGET_NAME)";
				TARGETED_DEVICE_FAMILY = "1,2";
				TEST_TARGET_NAME = ButtonTapper;
			};
			name = Release;
		};
/* End XCBuildConfiguration section */

/* Begin XCConfigurationList section */
		14DE532E1F814D3800076E46 /* Build configuration list for PBXProject "ButtonTapper" */ = {
			isa = XCConfigurationList;
			buildConfigurations = (
				14DE53431F814D3800076E46 /* Debug */,
				14DE53441F814D3800076E46 /* Release */,
			);
			defaultConfigurationIsVisible = 0;
			defaultConfigurationName = Release;
		};
		14DE53451F814D3800076E46 /* Build configuration list for PBXNativeTarget "ButtonTapper" */ = {
			isa = XCConfigurationList;
			buildConfigurations = (
				14DE53461F814D3800076E46 /* Debug */,
				14DE53471F814D3800076E46 /* Release */,
			);
			defaultConfigurationIsVisible = 0;
			defaultConfigurationName = Release;
		};
		14DE53511F814D5000076E46 /* Build configuration list for PBXNativeTarget "ButtonTapperMagic" */ = {
			isa = XCConfigurationList;
			buildConfigurations = (
				14DE53521F814D5000076E46 /* Debug */,
				14DE53531F814D5000076E46 /* Release */,
			);
			defaultConfigurationIsVisible = 0;
			defaultConfigurationName = Release;
		};
		14DE53611F81544800076E46 /* Build configuration list for PBXNativeTarget "ButtonTapperEggInc" */ = {
			isa = XCConfigurationList;
			buildConfigurations = (
				14DE53621F81544800076E46 /* Debug */,
				14DE53631F81544800076E46 /* Release */,
			);
			defaultConfigurationIsVisible = 0;
			defaultConfigurationName = Release;
		};
/* End XCConfigurationList section */
	};
	rootObject = 14DE532B1F814D3800076E46 /* Project object */;
}
